
Microsoft Visual Studio Solution File, Format Version 12.00
# Visual Studio Version 17
VisualStudioVersion = 17.4.33213.308
MinimumVisualStudioVersion = 10.0.40219.1
Project("{FAE04EC0-301F-11D3-BF4B-00C04F79EFBC}") = "WpfApp2", "WpfApp2\WpfApp2.csproj", "{3A5ADE8A-E660-477C-90D0-3C6AC58735AF}"
EndProject
Global
	GlobalSection(SolutionConfigurationPlatforms) = preSolution
		Debug|Any CPU = Debug|Any CPU
		Release|Any CPU = Release|Any CPU
	EndGlobalSection
	GlobalSection(ProjectConfigurationPlatforms) = postSolution
		{3A5ADE8A-E660-477C-90D0-3C6AC58735AF}.Debug|Any CPU.ActiveCfg = Debug|Any CPU
		{3A5ADE8A-E660-477C-90D0-3C6AC58735AF}.Debug|Any CPU.Build.0 = Debug|Any CPU
		{3A5ADE8A-E660-477C-90D0-3C6AC58735AF}.Release|Any CPU.ActiveCfg = Release|Any CPU
		{3A5ADE8A-E660-477C-90D0-3C6AC58735AF}.Release|Any CPU.Build.0 = Release|Any CPU
	EndGlobalSection
	GlobalSection(SolutionProperties) = preSolution
		HideSolutionNode = FALSE
	EndGlobalSection
	GlobalSection(ExtensibilityGlobals) = postSolution
		SolutionGuid = {E1FC512D-8146-4B7F-B23D-D393CE838F7F}
	EndGlobalSection
EndGlobal
